github.com/aws/aws-sdk-go v1.2.2 h1:GYEG5KMO0YrEK9QmIFlX0uiGIDTLjV5lW1C2Lk1Xtfc=
github.com/aws/aws-sdk-go v1.2.2/go.mod h1:ZRmQr0FajVIyZ4ZzBYKG5P3ZqPz9IHG41ZoMu1ADI3k=
github.com/cloudfoundry-incubator/candiedyaml v0.0.0-20160429080125-99c3df83b515 h1:w9aM4g/uDa2+bpH8M0pG+fUQID3yV1oXzgyXGdxp8yw=
github.com/cloudfoundry-incubator/candiedyaml v0.0.0-20160429080125-99c3df83b515/go.mod h1:dOLSIXcRQJiDS1vlrYFNJicoHNZLsBKideE+70hGdV4=
github.com/ghodss/yaml v0.0.0-20160604002925-aa0c86205766 h1:zuHHSLtqQzeNb4X5AjIhNehd5ATHqhI1EOGO+4MdJFE=
github.com/ghodss/yaml v0.0.0-20160604002925-aa0c86205766/go.mod h1:4dBDuWmgqj2HViK6kFavaiC9ZROes6MMH2rRYeMEF04=
github.com/go-ini/ini v0.0.0-20160702095645-927d8d7ced54 h1:BRIwmzjQlRuzYFjTdkZkL5aJq7h+IR5aPrG+7JBR5xE=
github.com/go-ini/ini v0.0.0-20160702095645-927d8d7ced54/go.mod h1:ByCAeIL28uOIIG0E3PJtZPDL8WnHpFKFOtgjp+3Ies8=
github.com/golang/glog v0.0.0-20160126235308-23def4e6c14b h1:VKtxabqXZkF25pY9ekfRL6a582T4P37/31XEstQ5p58=
github.com/golang/glog v0.0.0-20160126235308-23def4e6c14b/go.mod h1:SBH7ygxi8pfUlaOkMMuAQtPIUF8ecWP5IEl/CR7VP2Q=
github.com/golang/protobuf v0.0.0-20160629211053-3852dcfda249/go.mod h1:6lQm79b+lXiMfvg/cZm0SGofjICqVBUtrP5yJMmIC1U=
github.com/jmespath/go-jmespath v0.0.0-20160202185014-0b12d6b521d8 h1:12VvqtR6Aowv3l/EQUlocDHW2Cp4G9WJVH7uyH8QFJE=
github.com/jmespath/go-jmespath v0.0.0-20160202185014-0b12d6b521d8/go.mod h1:Nht3zPeWKUH0NzdCt2Blrr5ys8VGpn0CEB0cQHVjt7k=
golang.org/x/crypto v0.0.0-20160704103416-0c565bf13221/go.mod h1:6SG95UA2DQfeDnfUPMdvaQW0Q7yPrPDi9nlGo2tz2b4=
golang.org/x/crypto v0.0.0-20190222235706-ffb98f73852f h1:qWFY9ZxP3tfI37wYIs/MnIAqK0vlXp1xnYEa5HxFSSY=
golang.org/x/crypto v0.0.0-20190222235706-ffb98f73852f/go.mod h1:6SG95UA2DQfeDnfUPMdvaQW0Q7yPrPDi9nlGo2tz2b4=
golang.org/x/net v0.0.0-20160630220910-b400c2eff1ba h1:uDRLy7XWpErbelDDzBrVF4l3MkgIwXtu5nl44tiWpE0=
golang.org/x/net v0.0.0-20160630220910-b400c2eff1ba/go.mod h1:mL1N/T3taQHkDXs73rZJwtUhF3w3ftmwwsq0BUmARs4=
golang.org/x/oauth2 v0.0.0-20160702010809-df5b72659a3b h1:3iVfXCULp6VYN3NwTfM8gRcZSyIC6OtBFX22ynl+hQQ=
golang.org/x/oauth2 v0.0.0-20160702010809-df5b72659a3b/go.mod h1:N/0e6XlmueqKjAGxoOufVs8QHGRruUQn6yWY3a++T0U=
google.golang.org/api v0.0.0-20160630034138-57212573ccf9 h1:yJolfx5bJExkprmLeMih/TQadBvec1Ft75VvGsiNNAo=
google.golang.org/api v0.0.0-20160630034138-57212573ccf9/go.mod h1:4mhQ8q/RsB7i+udVvVy5NUi08OU8ZlA0gRVgrF7VFY0=
google.golang.org/appengine v0.0.0-20160621060416-267c27e74922/go.mod h1:EbEs0AVv82hx2wNQdGPgUI5lhzA/G0D9YwlJXL52JkM=
google.golang.org/cloud v0.0.0-20160701095312-ebfe3819c9ab h1:litgndtapfTyH0d3dM9y6VR2xkylgnSYYm5rg3Vb2e8=
google.golang.org/cloud v0.0.0-20160701095312-ebfe3819c9ab/go.mod h1:0H1ncTHf11KCFhTc/+EFRbzSCOZx+VUbRMk55Yv5MYk=
gopkg.in/yaml.v2 v2.0.0-20160301204022-a83829b6f129 h1:RBgb9aPUbZ9nu66ecQNIBNsA7j3mB5h8PNDIfhPjaJg=
gopkg.in/yaml.v2 v2.0.0-20160301204022-a83829b6f129/go.mod h1:JAlM8MvJe8wmxCU4Bli9HhUf9+ttbYbLASfIpnQbh74=
